// !$*UTF8*$!
{
	archiveVersion = 1;
	classes = {
	};
	objectVersion = 56;
	objects = {

/* Begin PBXBuildFile section */
		AFA5436429FD6441003A20CD /* AppDelegate.swift in Sources */ = {isa = PBXBuildFile; fileRef = AFA5436329FD6441003A20CD /* AppDelegate.swift */; };
		AFA5436629FD6441003A20CD /* SceneDelegate.swift in Sources */ = {isa = PBXBuildFile; fileRef = AFA5436529FD6441003A20CD /* SceneDelegate.swift */; };
		AFA5436829FD6441003A20CD /* RMTabBarController.swift in Sources */ = {isa = PBXBuildFile; fileRef = AFA5436729FD6441003A20CD /* RMTabBarController.swift */; };
		AFA5436D29FD6442003A20CD /* Assets.xcassets in Resources */ = {isa = PBXBuildFile; fileRef = AFA5436C29FD6442003A20CD /* Assets.xcassets */; };
		AFA5437029FD6442003A20CD /* LaunchScreen.storyboard in Resources */ = {isa = PBXBuildFile; fileRef = AFA5436E29FD6442003A20CD /* LaunchScreen.storyboard */; };
		AFA5437E29FF4005003A20CD /* RMLocation.swift in Sources */ = {isa = PBXBuildFile; fileRef = AFA5437D29FF4005003A20CD /* RMLocation.swift */; };
		AFA5438029FF4024003A20CD /* RMCharacter.swift in Sources */ = {isa = PBXBuildFile; fileRef = AFA5437F29FF4024003A20CD /* RMCharacter.swift */; };
		AFA5438229FF4030003A20CD /* RMEpisode.swift in Sources */ = {isa = PBXBuildFile; fileRef = AFA5438129FF4030003A20CD /* RMEpisode.swift */; };
		AFA5438729FF4278003A20CD /* RMLocationViewController.swift in Sources */ = {isa = PBXBuildFile; fileRef = AFA5438629FF4278003A20CD /* RMLocationViewController.swift */; };
		AFA5438929FF42DD003A20CD /* RMEpisodeViewController.swift in Sources */ = {isa = PBXBuildFile; fileRef = AFA5438829FF42DD003A20CD /* RMEpisodeViewController.swift */; };
		AFA5438B29FF433A003A20CD /* RMCharacterViewController.swift in Sources */ = {isa = PBXBuildFile; fileRef = AFA5438A29FF433A003A20CD /* RMCharacterViewController.swift */; };
		AFA5438D29FF4376003A20CD /* RMSettingsViewController.swift in Sources */ = {isa = PBXBuildFile; fileRef = AFA5438C29FF4376003A20CD /* RMSettingsViewController.swift */; };
		AFA5439029FF58D4003A20CD /* RMService.swift in Sources */ = {isa = PBXBuildFile; fileRef = AFA5438F29FF58D4003A20CD /* RMService.swift */; };
		AFA5439229FF58ED003A20CD /* RMRequest.swift in Sources */ = {isa = PBXBuildFile; fileRef = AFA5439129FF58ED003A20CD /* RMRequest.swift */; };
		AFA5439429FF5A2A003A20CD /* RMEndpoint.swift in Sources */ = {isa = PBXBuildFile; fileRef = AFA5439329FF5A2A003A20CD /* RMEndpoint.swift */; };
		AFA5439629FFAB09003A20CD /* RMOrigin.swift in Sources */ = {isa = PBXBuildFile; fileRef = AFA5439529FFAB09003A20CD /* RMOrigin.swift */; };
		AFA5439829FFAC4C003A20CD /* RMSingleLocation.swift in Sources */ = {isa = PBXBuildFile; fileRef = AFA5439729FFAC4C003A20CD /* RMSingleLocation.swift */; };
		AFA5439A29FFAFA2003A20CD /* RMCharacterStatus.swift in Sources */ = {isa = PBXBuildFile; fileRef = AFA5439929FFAFA1003A20CD /* RMCharacterStatus.swift */; };
		AFA5439C29FFB006003A20CD /* RMCharacterGender.swift in Sources */ = {isa = PBXBuildFile; fileRef = AFA5439B29FFB006003A20CD /* RMCharacterGender.swift */; };
		AFA543A02A010CFA003A20CD /* RMGetAllCharactersResponce.swift in Sources */ = {isa = PBXBuildFile; fileRef = AFA5439F2A010CFA003A20CD /* RMGetAllCharactersResponce.swift */; };
		AFA543A22A011C7D003A20CD /* CharacterListViewViewModel.swift in Sources */ = {isa = PBXBuildFile; fileRef = AFA543A12A011C7D003A20CD /* CharacterListViewViewModel.swift */; };
		AFA543A42A014914003A20CD /* CharacterListView.swift in Sources */ = {isa = PBXBuildFile; fileRef = AFA543A32A014914003A20CD /* CharacterListView.swift */; };
		AFA543A62A015E87003A20CD /* Extensions.swift in Sources */ = {isa = PBXBuildFile; fileRef = AFA543A52A015E87003A20CD /* Extensions.swift */; };
/* End PBXBuildFile section */

/* Begin PBXFileReference section */
		AFA5436029FD6441003A20CD /* RickAndMorty.app */ = {isa = PBXFileReference; explicitFileType = wrapper.application; includeInIndex = 0; path = RickAndMorty.app; sourceTree = BUILT_PRODUCTS_DIR; };
		AFA5436329FD6441003A20CD /* AppDelegate.swift */ = {isa = PBXFileReference; lastKnownFileType = sourcecode.swift; path = AppDelegate.swift; sourceTree = "<group>"; };
		AFA5436529FD6441003A20CD /* SceneDelegate.swift */ = {isa = PBXFileReference; lastKnownFileType = sourcecode.swift; path = SceneDelegate.swift; sourceTree = "<group>"; };
		AFA5436729FD6441003A20CD /* RMTabBarController.swift */ = {isa = PBXFileReference; lastKnownFileType = sourcecode.swift; path = RMTabBarController.swift; sourceTree = "<group>"; };
		AFA5436C29FD6442003A20CD /* Assets.xcassets */ = {isa = PBXFileReference; lastKnownFileType = folder.assetcatalog; path = Assets.xcassets; sourceTree = "<group>"; };
		AFA5436F29FD6442003A20CD /* Base */ = {isa = PBXFileReference; lastKnownFileType = file.storyboard; name = Base; path = Base.lproj/LaunchScreen.storyboard; sourceTree = "<group>"; };
		AFA5437129FD6442003A20CD /* Info.plist */ = {isa = PBXFileReference; lastKnownFileType = text.plist.xml; path = Info.plist; sourceTree = "<group>"; };
		AFA5437D29FF4005003A20CD /* RMLocation.swift */ = {isa = PBXFileReference; lastKnownFileType = sourcecode.swift; path = RMLocation.swift; sourceTree = "<group>"; };
		AFA5437F29FF4024003A20CD /* RMCharacter.swift */ = {isa = PBXFileReference; lastKnownFileType = sourcecode.swift; path = RMCharacter.swift; sourceTree = "<group>"; };
		AFA5438129FF4030003A20CD /* RMEpisode.swift */ = {isa = PBXFileReference; lastKnownFileType = sourcecode.swift; path = RMEpisode.swift; sourceTree = "<group>"; };
		AFA5438629FF4278003A20CD /* RMLocationViewController.swift */ = {isa = PBXFileReference; lastKnownFileType = sourcecode.swift; path = RMLocationViewController.swift; sourceTree = "<group>"; };
		AFA5438829FF42DD003A20CD /* RMEpisodeViewController.swift */ = {isa = PBXFileReference; lastKnownFileType = sourcecode.swift; path = RMEpisodeViewController.swift; sourceTree = "<group>"; };
		AFA5438A29FF433A003A20CD /* RMCharacterViewController.swift */ = {isa = PBXFileReference; lastKnownFileType = sourcecode.swift; path = RMCharacterViewController.swift; sourceTree = "<group>"; };
		AFA5438C29FF4376003A20CD /* RMSettingsViewController.swift */ = {isa = PBXFileReference; lastKnownFileType = sourcecode.swift; path = RMSettingsViewController.swift; sourceTree = "<group>"; };
		AFA5438F29FF58D4003A20CD /* RMService.swift */ = {isa = PBXFileReference; lastKnownFileType = sourcecode.swift; path = RMService.swift; sourceTree = "<group>"; };
		AFA5439129FF58ED003A20CD /* RMRequest.swift */ = {isa = PBXFileReference; lastKnownFileType = sourcecode.swift; path = RMRequest.swift; sourceTree = "<group>"; };
		AFA5439329FF5A2A003A20CD /* RMEndpoint.swift */ = {isa = PBXFileReference; lastKnownFileType = sourcecode.swift; path = RMEndpoint.swift; sourceTree = "<group>"; };
		AFA5439529FFAB09003A20CD /* RMOrigin.swift */ = {isa = PBXFileReference; lastKnownFileType = sourcecode.swift; path = RMOrigin.swift; sourceTree = "<group>"; };
		AFA5439729FFAC4C003A20CD /* RMSingleLocation.swift */ = {isa = PBXFileReference; lastKnownFileType = sourcecode.swift; path = RMSingleLocation.swift; sourceTree = "<group>"; };
		AFA5439929FFAFA1003A20CD /* RMCharacterStatus.swift */ = {isa = PBXFileReference; lastKnownFileType = sourcecode.swift; path = RMCharacterStatus.swift; sourceTree = "<group>"; };
		AFA5439B29FFB006003A20CD /* RMCharacterGender.swift */ = {isa = PBXFileReference; lastKnownFileType = sourcecode.swift; path = RMCharacterGender.swift; sourceTree = "<group>"; };
		AFA5439F2A010CFA003A20CD /* RMGetAllCharactersResponce.swift */ = {isa = PBXFileReference; lastKnownFileType = sourcecode.swift; path = RMGetAllCharactersResponce.swift; sourceTree = "<group>"; };
		AFA543A12A011C7D003A20CD /* CharacterListViewViewModel.swift */ = {isa = PBXFileReference; lastKnownFileType = sourcecode.swift; path = CharacterListViewViewModel.swift; sourceTree = "<group>"; };
		AFA543A32A014914003A20CD /* CharacterListView.swift */ = {isa = PBXFileReference; lastKnownFileType = sourcecode.swift; path = CharacterListView.swift; sourceTree = "<group>"; };
		AFA543A52A015E87003A20CD /* Extensions.swift */ = {isa = PBXFileReference; lastKnownFileType = sourcecode.swift; path = Extensions.swift; sourceTree = "<group>"; };
/* End PBXFileReference section */

/* Begin PBXFrameworksBuildPhase section */
		AFA5435D29FD6441003A20CD /* Frameworks */ = {
			isa = PBXFrameworksBuildPhase;
			buildActionMask = 2147483647;
			files = (
			);
			runOnlyForDeploymentPostprocessing = 0;
		};
/* End PBXFrameworksBuildPhase section */

/* Begin PBXGroup section */
		AFA5435729FD6441003A20CD = {
			isa = PBXGroup;
			children = (
				AFA5436229FD6441003A20CD /* RickAndMorty */,
				AFA5436129FD6441003A20CD /* Products */,
			);
			sourceTree = "<group>";
		};
		AFA5436129FD6441003A20CD /* Products */ = {
			isa = PBXGroup;
			children = (
				AFA5436029FD6441003A20CD /* RickAndMorty.app */,
			);
			name = Products;
			sourceTree = "<group>";
		};
		AFA5436229FD6441003A20CD /* RickAndMorty */ = {
			isa = PBXGroup;
			children = (
				AFA5437C29FF3EF6003A20CD /* Resources */,
				AFA5437B29FF3EEB003A20CD /* Managers */,
				AFA5438E29FF5898003A20CD /* APIClient */,
				AFA5437A29FF3EDD003A20CD /* ViewModels */,
				AFA5437829FF3EC8003A20CD /* Views */,
				AFA5437929FF3ED3003A20CD /* Models */,
				AFA5438329FF4118003A20CD /* Controllers */,
				AFA5437129FD6442003A20CD /* Info.plist */,
			);
			path = RickAndMorty;
			sourceTree = "<group>";
		};
		AFA5437729FF3EB6003A20CD /* Core */ = {
			isa = PBXGroup;
			children = (
				AFA5436729FD6441003A20CD /* RMTabBarController.swift */,
				AFA5438A29FF433A003A20CD /* RMCharacterViewController.swift */,
				AFA5438629FF4278003A20CD /* RMLocationViewController.swift */,
				AFA5438829FF42DD003A20CD /* RMEpisodeViewController.swift */,
				AFA5438C29FF4376003A20CD /* RMSettingsViewController.swift */,
			);
			path = Core;
			sourceTree = "<group>";
		};
		AFA5437829FF3EC8003A20CD /* Views */ = {
			isa = PBXGroup;
			children = (
				AFA543A32A014914003A20CD /* CharacterListView.swift */,
			);
			path = Views;
			sourceTree = "<group>";
		};
		AFA5437929FF3ED3003A20CD /* Models */ = {
			isa = PBXGroup;
			children = (
				AFA5439E2A010CB5003A20CD /* APIResponseTypes */,
				AFA5439D2A010C96003A20CD /* DataTypes */,
			);
			path = Models;
			sourceTree = "<group>";
		};
		AFA5437A29FF3EDD003A20CD /* ViewModels */ = {
			isa = PBXGroup;
			children = (
				AFA543A12A011C7D003A20CD /* CharacterListViewViewModel.swift */,
			);
			path = ViewModels;
			sourceTree = "<group>";
		};
		AFA5437B29FF3EEB003A20CD /* Managers */ = {
			isa = PBXGroup;
			children = (
			);
			path = Managers;
			sourceTree = "<group>";
		};
		AFA5437C29FF3EF6003A20CD /* Resources */ = {
			isa = PBXGroup;
			children = (
				AFA5436329FD6441003A20CD /* AppDelegate.swift */,
				AFA5436529FD6441003A20CD /* SceneDelegate.swift */,
				AFA5436C29FD6442003A20CD /* Assets.xcassets */,
				AFA5436E29FD6442003A20CD /* LaunchScreen.storyboard */,
				AFA543A52A015E87003A20CD /* Extensions.swift */,
			);
			path = Resources;
			sourceTree = "<group>";
		};
		AFA5438329FF4118003A20CD /* Controllers */ = {
			isa = PBXGroup;
			children = (
				AFA5437729FF3EB6003A20CD /* Core */,
			);
			path = Controllers;
			sourceTree = "<group>";
		};
		AFA5438E29FF5898003A20CD /* APIClient */ = {
			isa = PBXGroup;
			children = (
				AFA5438F29FF58D4003A20CD /* RMService.swift */,
				AFA5439129FF58ED003A20CD /* RMRequest.swift */,
				AFA5439329FF5A2A003A20CD /* RMEndpoint.swift */,
			);
			path = APIClient;
			sourceTree = "<group>";
		};
		AFA5439D2A010C96003A20CD /* DataTypes */ = {
			isa = PBXGroup;
			children = (
				AFA5437D29FF4005003A20CD /* RMLocation.swift */,
				AFA5437F29FF4024003A20CD /* RMCharacter.swift */,
				AFA5438129FF4030003A20CD /* RMEpisode.swift */,
				AFA5439529FFAB09003A20CD /* RMOrigin.swift */,
				AFA5439729FFAC4C003A20CD /* RMSingleLocation.swift */,
				AFA5439929FFAFA1003A20CD /* RMCharacterStatus.swift */,
				AFA5439B29FFB006003A20CD /* RMCharacterGender.swift */,
			);
			path = DataTypes;
			sourceTree = "<group>";
		};
		AFA5439E2A010CB5003A20CD /* APIResponseTypes */ = {
			isa = PBXGroup;
			children = (
				AFA5439F2A010CFA003A20CD /* RMGetAllCharactersResponce.swift */,
			);
			path = APIResponseTypes;
			sourceTree = "<group>";
		};
/* End PBXGroup section */

/* Begin PBXNativeTarget section */
		AFA5435F29FD6441003A20CD /* RickAndMorty */ = {
			isa = PBXNativeTarget;
			buildConfigurationList = AFA5437429FD6442003A20CD /* Build configuration list for PBXNativeTarget "RickAndMorty" */;
			buildPhases = (
				AFA5435C29FD6441003A20CD /* Sources */,
				AFA5435D29FD6441003A20CD /* Frameworks */,
				AFA5435E29FD6441003A20CD /* Resources */,
			);
			buildRules = (
			);
			dependencies = (
			);
			name = RickAndMorty;
			productName = RickAndMorty;
			productReference = AFA5436029FD6441003A20CD /* RickAndMorty.app */;
			productType = "com.apple.product-type.application";
		};
/* End PBXNativeTarget section */

/* Begin PBXProject section */
		AFA5435829FD6441003A20CD /* Project object */ = {
			isa = PBXProject;
			attributes = {
				BuildIndependentTargetsInParallel = 1;
				LastSwiftUpdateCheck = 1400;
				LastUpgradeCheck = 1400;
				TargetAttributes = {
					AFA5435F29FD6441003A20CD = {
						CreatedOnToolsVersion = 14.0.1;
					};
				};
			};
			buildConfigurationList = AFA5435B29FD6441003A20CD /* Build configuration list for PBXProject "RickAndMorty" */;
			compatibilityVersion = "Xcode 14.0";
			developmentRegion = en;
			hasScannedForEncodings = 0;
			knownRegions = (
				en,
				Base,
			);
			mainGroup = AFA5435729FD6441003A20CD;
			productRefGroup = AFA5436129FD6441003A20CD /* Products */;
			projectDirPath = "";
			projectRoot = "";
			targets = (
				AFA5435F29FD6441003A20CD /* RickAndMorty */,
			);
		};
/* End PBXProject section */

/* Begin PBXResourcesBuildPhase section */
		AFA5435E29FD6441003A20CD /* Resources */ = {
			isa = PBXResourcesBuildPhase;
			buildActionMask = 2147483647;
			files = (
				AFA5437029FD6442003A20CD /* LaunchScreen.storyboard in Resources */,
				AFA5436D29FD6442003A20CD /* Assets.xcassets in Resources */,
			);
			runOnlyForDeploymentPostprocessing = 0;
		};
/* End PBXResourcesBuildPhase section */

/* Begin PBXSourcesBuildPhase section */
		AFA5435C29FD6441003A20CD /* Sources */ = {
			isa = PBXSourcesBuildPhase;
			buildActionMask = 2147483647;
			files = (
				AFA5439829FFAC4C003A20CD /* RMSingleLocation.swift in Sources */,
				AFA5439629FFAB09003A20CD /* RMOrigin.swift in Sources */,
				AFA543A42A014914003A20CD /* CharacterListView.swift in Sources */,
				AFA543A02A010CFA003A20CD /* RMGetAllCharactersResponce.swift in Sources */,
				AFA5439A29FFAFA2003A20CD /* RMCharacterStatus.swift in Sources */,
				AFA5439C29FFB006003A20CD /* RMCharacterGender.swift in Sources */,
				AFA5438729FF4278003A20CD /* RMLocationViewController.swift in Sources */,
				AFA5438B29FF433A003A20CD /* RMCharacterViewController.swift in Sources */,
				AFA5438229FF4030003A20CD /* RMEpisode.swift in Sources */,
				AFA5436829FD6441003A20CD /* RMTabBarController.swift in Sources */,
				AFA5438929FF42DD003A20CD /* RMEpisodeViewController.swift in Sources */,
				AFA5436429FD6441003A20CD /* AppDelegate.swift in Sources */,
				AFA5438D29FF4376003A20CD /* RMSettingsViewController.swift in Sources */,
				AFA543A62A015E87003A20CD /* Extensions.swift in Sources */,
				AFA5439029FF58D4003A20CD /* RMService.swift in Sources */,
				AFA5436629FD6441003A20CD /* SceneDelegate.swift in Sources */,
				AFA5439429FF5A2A003A20CD /* RMEndpoint.swift in Sources */,
				AFA5437E29FF4005003A20CD /* RMLocation.swift in Sources */,
				AFA5439229FF58ED003A20CD /* RMRequest.swift in Sources */,
				AFA543A22A011C7D003A20CD /* CharacterListViewViewModel.swift in Sources */,
				AFA5438029FF4024003A20CD /* RMCharacter.swift in Sources */,
			);
			runOnlyForDeploymentPostprocessing = 0;
		};
/* End PBXSourcesBuildPhase section */

/* Begin PBXVariantGroup section */
		AFA5436E29FD6442003A20CD /* LaunchScreen.storyboard */ = {
			isa = PBXVariantGroup;
			children = (
				AFA5436F29FD6442003A20CD /* Base */,
			);
			name = LaunchScreen.storyboard;
			sourceTree = "<group>";
		};
/* End PBXVariantGroup section */

/* Begin XCBuildConfiguration section */
		AFA5437229FD6442003A20CD /* Debug */ = {
			isa = XCBuildConfiguration;
			buildSettings = {
				ALWAYS_SEARCH_USER_PATHS = NO;
				CLANG_ANALYZER_NONNULL = YES;
				CLANG_ANALYZER_NUMBER_OBJECT_CONVERSION = YES_AGGRESSIVE;
				CLANG_CXX_LANGUAGE_STANDARD = "gnu++20";
				CLANG_ENABLE_MODULES = YES;
				CLANG_ENABLE_OBJC_ARC = YES;
				CLANG_ENABLE_OBJC_WEAK = YES;
				CLANG_WARN_BLOCK_CAPTURE_AUTORELEASING = YES;
				CLANG_WARN_BOOL_CONVERSION = YES;
				CLANG_WARN_COMMA = YES;
				CLANG_WARN_CONSTANT_CONVERSION = YES;
				CLANG_WARN_DEPRECATED_OBJC_IMPLEMENTATIONS = YES;
				CLANG_WARN_DIRECT_OBJC_ISA_USAGE = YES_ERROR;
				CLANG_WARN_DOCUMENTATION_COMMENTS = YES;
				CLANG_WARN_EMPTY_BODY = YES;
				CLANG_WARN_ENUM_CONVERSION = YES;
				CLANG_WARN_INFINITE_RECURSION = YES;
				CLANG_WARN_INT_CONVERSION = YES;
				CLANG_WARN_NON_LITERAL_NULL_CONVERSION = YES;
				CLANG_WARN_OBJC_IMPLICIT_RETAIN_SELF = YES;
				CLANG_WARN_OBJC_LITERAL_CONVERSION = YES;
				CLANG_WARN_OBJC_ROOT_CLASS = YES_ERROR;
				CLANG_WARN_QUOTED_INCLUDE_IN_FRAMEWORK_HEADER = YES;
				CLANG_WARN_RANGE_LOOP_ANALYSIS = YES;
				CLANG_WARN_STRICT_PROTOTYPES = YES;
				CLANG_WARN_SUSPICIOUS_MOVE = YES;
				CLANG_WARN_UNGUARDED_AVAILABILITY = YES_AGGRESSIVE;
				CLANG_WARN_UNREACHABLE_CODE = YES;
				CLANG_WARN__DUPLICATE_METHOD_MATCH = YES;
				COPY_PHASE_STRIP = NO;
				DEBUG_INFORMATION_FORMAT = dwarf;
				ENABLE_STRICT_OBJC_MSGSEND = YES;
				ENABLE_TESTABILITY = YES;
				GCC_C_LANGUAGE_STANDARD = gnu11;
				GCC_DYNAMIC_NO_PIC = NO;
				GCC_NO_COMMON_BLOCKS = YES;
				GCC_OPTIMIZATION_LEVEL = 0;
				GCC_PREPROCESSOR_DEFINITIONS = (
					"DEBUG=1",
					"$(inherited)",
				);
				GCC_WARN_64_TO_32_BIT_CONVERSION = YES;
				GCC_WARN_ABOUT_RETURN_TYPE = YES_ERROR;
				GCC_WARN_UNDECLARED_SELECTOR = YES;
				GCC_WARN_UNINITIALIZED_AUTOS = YES_AGGRESSIVE;
				GCC_WARN_UNUSED_FUNCTION = YES;
				GCC_WARN_UNUSED_VARIABLE = YES;
				IPHONEOS_DEPLOYMENT_TARGET = 16.0;
				MTL_ENABLE_DEBUG_INFO = INCLUDE_SOURCE;
				MTL_FAST_MATH = YES;
				ONLY_ACTIVE_ARCH = YES;
				SDKROOT = iphoneos;
				SWIFT_ACTIVE_COMPILATION_CONDITIONS = DEBUG;
				SWIFT_OPTIMIZATION_LEVEL = "-Onone";
			};
			name = Debug;
		};
		AFA5437329FD6442003A20CD /* Release */ = {
			isa = XCBuildConfiguration;
			buildSettings = {
				ALWAYS_SEARCH_USER_PATHS = NO;
				CLANG_ANALYZER_NONNULL = YES;
				CLANG_ANALYZER_NUMBER_OBJECT_CONVERSION = YES_AGGRESSIVE;
				CLANG_CXX_LANGUAGE_STANDARD = "gnu++20";
				CLANG_ENABLE_MODULES = YES;
				CLANG_ENABLE_OBJC_ARC = YES;
				CLANG_ENABLE_OBJC_WEAK = YES;
				CLANG_WARN_BLOCK_CAPTURE_AUTORELEASING = YES;
				CLANG_WARN_BOOL_CONVERSION = YES;
				CLANG_WARN_COMMA = YES;
				CLANG_WARN_CONSTANT_CONVERSION = YES;
				CLANG_WARN_DEPRECATED_OBJC_IMPLEMENTATIONS = YES;
				CLANG_WARN_DIRECT_OBJC_ISA_USAGE = YES_ERROR;
				CLANG_WARN_DOCUMENTATION_COMMENTS = YES;
				CLANG_WARN_EMPTY_BODY = YES;
				CLANG_WARN_ENUM_CONVERSION = YES;
				CLANG_WARN_INFINITE_RECURSION = YES;
				CLANG_WARN_INT_CONVERSION = YES;
				CLANG_WARN_NON_LITERAL_NULL_CONVERSION = YES;
				CLANG_WARN_OBJC_IMPLICIT_RETAIN_SELF = YES;
				CLANG_WARN_OBJC_LITERAL_CONVERSION = YES;
				CLANG_WARN_OBJC_ROOT_CLASS = YES_ERROR;
				CLANG_WARN_QUOTED_INCLUDE_IN_FRAMEWORK_HEADER = YES;
				CLANG_WARN_RANGE_LOOP_ANALYSIS = YES;
				CLANG_WARN_STRICT_PROTOTYPES = YES;
				CLANG_WARN_SUSPICIOUS_MOVE = YES;
				CLANG_WARN_UNGUARDED_AVAILABILITY = YES_AGGRESSIVE;
				CLANG_WARN_UNREACHABLE_CODE = YES;
				CLANG_WARN__DUPLICATE_METHOD_MATCH = YES;
				COPY_PHASE_STRIP = NO;
				DEBUG_INFORMATION_FORMAT = "dwarf-with-dsym";
				ENABLE_NS_ASSERTIONS = NO;
				ENABLE_STRICT_OBJC_MSGSEND = YES;
				GCC_C_LANGUAGE_STANDARD = gnu11;
				GCC_NO_COMMON_BLOCKS = YES;
				GCC_WARN_64_TO_32_BIT_CONVERSION = YES;
				GCC_WARN_ABOUT_RETURN_TYPE = YES_ERROR;
				GCC_WARN_UNDECLARED_SELECTOR = YES;
				GCC_WARN_UNINITIALIZED_AUTOS = YES_AGGRESSIVE;
				GCC_WARN_UNUSED_FUNCTION = YES;
				GCC_WARN_UNUSED_VARIABLE = YES;
				IPHONEOS_DEPLOYMENT_TARGET = 16.0;
				MTL_ENABLE_DEBUG_INFO = NO;
				MTL_FAST_MATH = YES;
				SDKROOT = iphoneos;
				SWIFT_COMPILATION_MODE = wholemodule;
				SWIFT_OPTIMIZATION_LEVEL = "-O";
				VALIDATE_PRODUCT = YES;
			};
			name = Release;
		};
		AFA5437529FD6442003A20CD /* Debug */ = {
			isa = XCBuildConfiguration;
			buildSettings = {
				ASSETCATALOG_COMPILER_APPICON_NAME = AppIcon;
				ASSETCATALOG_COMPILER_GLOBAL_ACCENT_COLOR_NAME = AccentColor;
				CODE_SIGN_STYLE = Automatic;
				CURRENT_PROJECT_VERSION = 1;
				DEVELOPMENT_TEAM = 8CW4G86PK2;
				GENERATE_INFOPLIST_FILE = YES;
				INFOPLIST_FILE = RickAndMorty/Info.plist;
				INFOPLIST_KEY_UIApplicationSupportsIndirectInputEvents = YES;
				INFOPLIST_KEY_UILaunchStoryboardName = LaunchScreen;
				INFOPLIST_KEY_UISupportedInterfaceOrientations = "UIInterfaceOrientationLandscapeLeft UIInterfaceOrientationLandscapeRight UIInterfaceOrientationPortrait";
				INFOPLIST_KEY_UISupportedInterfaceOrientations_iPad = "UIInterfaceOrientationLandscapeLeft UIInterfaceOrientationLandscapeRight UIInterfaceOrientationPortrait UIInterfaceOrientationPortraitUpsideDown";
				LD_RUNPATH_SEARCH_PATHS = (
					"$(inherited)",
					"@executable_path/Frameworks",
				);
				MARKETING_VERSION = 1.0;
				PRODUCT_BUNDLE_IDENTIFIER = kz.ios.RickAndMorty;
				PRODUCT_NAME = "$(TARGET_NAME)";
				SWIFT_EMIT_LOC_STRINGS = YES;
				SWIFT_VERSION = 5.0;
				TARGETED_DEVICE_FAMILY = "1,2";
			};
			name = Debug;
		};
		AFA5437629FD6442003A20CD /* Release */ = {
			isa = XCBuildConfiguration;
			buildSettings = {
				ASSETCATALOG_COMPILER_APPICON_NAME = AppIcon;
				ASSETCATALOG_COMPILER_GLOBAL_ACCENT_COLOR_NAME = AccentColor;
				CODE_SIGN_STYLE = Automatic;
				CURRENT_PROJECT_VERSION = 1;
				DEVELOPMENT_TEAM = 8CW4G86PK2;
				GENERATE_INFOPLIST_FILE = YES;
				INFOPLIST_FILE = RickAndMorty/Info.plist;
				INFOPLIST_KEY_UIApplicationSupportsIndirectInputEvents = YES;
				INFOPLIST_KEY_UILaunchStoryboardName = LaunchScreen;
				INFOPLIST_KEY_UISupportedInterfaceOrientations = "UIInterfaceOrientationLandscapeLeft UIInterfaceOrientationLandscapeRight UIInterfaceOrientationPortrait";
				INFOPLIST_KEY_UISupportedInterfaceOrientations_iPad = "UIInterfaceOrientationLandscapeLeft UIInterfaceOrientationLandscapeRight UIInterfaceOrientationPortrait UIInterfaceOrientationPortraitUpsideDown";
				LD_RUNPATH_SEARCH_PATHS = (
					"$(inherited)",
					"@executable_path/Frameworks",
				);
				MARKETING_VERSION = 1.0;
				PRODUCT_BUNDLE_IDENTIFIER = kz.ios.RickAndMorty;
				PRODUCT_NAME = "$(TARGET_NAME)";
				SWIFT_EMIT_LOC_STRINGS = YES;
				SWIFT_VERSION = 5.0;
				TARGETED_DEVICE_FAMILY = "1,2";
			};
			name = Release;
		};
/* End XCBuildConfiguration section */

/* Begin XCConfigurationList section */
		AFA5435B29FD6441003A20CD /* Build configuration list for PBXProject "RickAndMorty" */ = {
			isa = XCConfigurationList;
			buildConfigurations = (
				AFA5437229FD6442003A20CD /* Debug */,
				AFA5437329FD6442003A20CD /* Release */,
			);
			defaultConfigurationIsVisible = 0;
			defaultConfigurationName = Release;
		};
		AFA5437429FD6442003A20CD /* Build configuration list for PBXNativeTarget "RickAndMorty" */ = {
			isa = XCConfigurationList;
			buildConfigurations = (
				AFA5437529FD6442003A20CD /* Debug */,
				AFA5437629FD6442003A20CD /* Release */,
			);
			defaultConfigurationIsVisible = 0;
			defaultConfigurationName = Release;
		};
/* End XCConfigurationList section */
	};
	rootObject = AFA5435829FD6441003A20CD /* Project object */;
}
